
Microsoft Visual Studio Solution File, Format Version 12.00
# Visual Studio 15
VisualStudioVersion = 15.0.28010.2041
MinimumVisualStudioVersion = 10.0.40219.1
Project("{FAE04EC0-301F-11D3-BF4B-00C04F79EFBC}") = "01.ClassPerson", "01.ClassPerson\01.ClassPerson.csproj", "{09ED9B20-3B91-431C-BD30-CD10110C25F0}"
EndProject
Global
	GlobalSection(SolutionConfigurationPlatforms) = preSolution
		Debug|Any CPU = Debug|Any CPU
		Release|Any CPU = Release|Any CPU
	EndGlobalSection
	GlobalSection(ProjectConfigurationPlatforms) = postSolution
		{09ED9B20-3B91-431C-BD30-CD10110C25F0}.Debug|Any CPU.ActiveCfg = Debug|Any CPU
		{09ED9B20-3B91-431C-BD30-CD10110C25F0}.Debug|Any CPU.Build.0 = Debug|Any CPU
		{09ED9B20-3B91-431C-BD30-CD10110C25F0}.Release|Any CPU.ActiveCfg = Release|Any CPU
		{09ED9B20-3B91-431C-BD30-CD10110C25F0}.Release|Any CPU.Build.0 = Release|Any CPU
	EndGlobalSection
	GlobalSection(SolutionProperties) = preSolution
		HideSolutionNode = FALSE
	EndGlobalSection
	GlobalSection(ExtensibilityGlobals) = postSolution
		SolutionGuid = {11749341-9890-4E83-81C6-62F4E506B533}
	EndGlobalSection
EndGlobal
