
Microsoft Visual Studio Solution File, Format Version 12.00
# Visual Studio 15
VisualStudioVersion = 15.0.28010.2041
MinimumVisualStudioVersion = 10.0.40219.1
Project("{FAE04EC0-301F-11D3-BF4B-00C04F79EFBC}") = "P01_Person", "P01_Person\P01_Person.csproj", "{CDDFEBED-9B23-4312-BDD4-45C2A5B56EBA}"
EndProject
Project("{FAE04EC0-301F-11D3-BF4B-00C04F79EFBC}") = "P02_Book_Shop", "P02_Book_Shop\P02_Book_Shop.csproj", "{A9713839-2FD4-48AE-8822-DDCE60EFD663}"
EndProject
Global
	GlobalSection(SolutionConfigurationPlatforms) = preSolution
		Debug|Any CPU = Debug|Any CPU
		Release|Any CPU = Release|Any CPU
	EndGlobalSection
	GlobalSection(ProjectConfigurationPlatforms) = postSolution
		{CDDFEBED-9B23-4312-BDD4-45C2A5B56EBA}.Debug|Any CPU.ActiveCfg = Debug|Any CPU
		{CDDFEBED-9B23-4312-BDD4-45C2A5B56EBA}.Debug|Any CPU.Build.0 = Debug|Any CPU
		{CDDFEBED-9B23-4312-BDD4-45C2A5B56EBA}.Release|Any CPU.ActiveCfg = Release|Any CPU
		{CDDFEBED-9B23-4312-BDD4-45C2A5B56EBA}.Release|Any CPU.Build.0 = Release|Any CPU
		{A9713839-2FD4-48AE-8822-DDCE60EFD663}.Debug|Any CPU.ActiveCfg = Debug|Any CPU
		{A9713839-2FD4-48AE-8822-DDCE60EFD663}.Debug|Any CPU.Build.0 = Debug|Any CPU
		{A9713839-2FD4-48AE-8822-DDCE60EFD663}.Release|Any CPU.ActiveCfg = Release|Any CPU
		{A9713839-2FD4-48AE-8822-DDCE60EFD663}.Release|Any CPU.Build.0 = Release|Any CPU
	EndGlobalSection
	GlobalSection(SolutionProperties) = preSolution
		HideSolutionNode = FALSE
	EndGlobalSection
	GlobalSection(ExtensibilityGlobals) = postSolution
		SolutionGuid = {61F77D31-BFEA-4F9F-B4ED-2B471F65404A}
	EndGlobalSection
EndGlobal
