
Microsoft Visual Studio Solution File, Format Version 12.00
# Visual Studio 15
VisualStudioVersion = 15.0.28010.2041
MinimumVisualStudioVersion = 10.0.40219.1
Project("{9A19103F-16F7-4668-BE54-9A1E7A4F7556}") = "P01_Class_Box", "P01_Class Box\P01_Class_Box.csproj", "{DC231FE0-7B5E-4869-A138-F7BCB88C3364}"
EndProject
Project("{9A19103F-16F7-4668-BE54-9A1E7A4F7556}") = "P02.ClassBoxDataValidation", "P02.ClassBoxDataValidation\P02.ClassBoxDataValidation.csproj", "{63F41397-C9C9-4371-A6F5-6DB25C317E1B}"
EndProject
Project("{FAE04EC0-301F-11D3-BF4B-00C04F79EFBC}") = "P04_Shopping_Spree", "P04_Shopping_Spree\P04_Shopping_Spree.csproj", "{8583D84D-53AA-4D31-8A8C-DBBB0AA5E00D}"
EndProject
Project("{FAE04EC0-301F-11D3-BF4B-00C04F79EFBC}") = "P05_Pizza_Calories", "P05_Pizza_Calories\P05_Pizza_Calories.csproj", "{A867F955-43BE-4EFC-856A-E258231CB2D3}"
EndProject
Global
	GlobalSection(SolutionConfigurationPlatforms) = preSolution
		Debug|Any CPU = Debug|Any CPU
		Release|Any CPU = Release|Any CPU
	EndGlobalSection
	GlobalSection(ProjectConfigurationPlatforms) = postSolution
		{DC231FE0-7B5E-4869-A138-F7BCB88C3364}.Debug|Any CPU.ActiveCfg = Debug|Any CPU
		{DC231FE0-7B5E-4869-A138-F7BCB88C3364}.Debug|Any CPU.Build.0 = Debug|Any CPU
		{DC231FE0-7B5E-4869-A138-F7BCB88C3364}.Release|Any CPU.ActiveCfg = Release|Any CPU
		{DC231FE0-7B5E-4869-A138-F7BCB88C3364}.Release|Any CPU.Build.0 = Release|Any CPU
		{63F41397-C9C9-4371-A6F5-6DB25C317E1B}.Debug|Any CPU.ActiveCfg = Debug|Any CPU
		{63F41397-C9C9-4371-A6F5-6DB25C317E1B}.Debug|Any CPU.Build.0 = Debug|Any CPU
		{63F41397-C9C9-4371-A6F5-6DB25C317E1B}.Release|Any CPU.ActiveCfg = Release|Any CPU
		{63F41397-C9C9-4371-A6F5-6DB25C317E1B}.Release|Any CPU.Build.0 = Release|Any CPU
		{8583D84D-53AA-4D31-8A8C-DBBB0AA5E00D}.Debug|Any CPU.ActiveCfg = Debug|Any CPU
		{8583D84D-53AA-4D31-8A8C-DBBB0AA5E00D}.Debug|Any CPU.Build.0 = Debug|Any CPU
		{8583D84D-53AA-4D31-8A8C-DBBB0AA5E00D}.Release|Any CPU.ActiveCfg = Release|Any CPU
		{8583D84D-53AA-4D31-8A8C-DBBB0AA5E00D}.Release|Any CPU.Build.0 = Release|Any CPU
		{A867F955-43BE-4EFC-856A-E258231CB2D3}.Debug|Any CPU.ActiveCfg = Debug|Any CPU
		{A867F955-43BE-4EFC-856A-E258231CB2D3}.Debug|Any CPU.Build.0 = Debug|Any CPU
		{A867F955-43BE-4EFC-856A-E258231CB2D3}.Release|Any CPU.ActiveCfg = Release|Any CPU
		{A867F955-43BE-4EFC-856A-E258231CB2D3}.Release|Any CPU.Build.0 = Release|Any CPU
	EndGlobalSection
	GlobalSection(SolutionProperties) = preSolution
		HideSolutionNode = FALSE
	EndGlobalSection
	GlobalSection(ExtensibilityGlobals) = postSolution
		SolutionGuid = {789DAB5F-315E-4CD6-9FA3-5CE9674E2FCD}
	EndGlobalSection
EndGlobal
