
Microsoft Visual Studio Solution File, Format Version 12.00
# Visual Studio 15
VisualStudioVersion = 15.0.28010.2041
MinimumVisualStudioVersion = 10.0.40219.1
Project("{FAE04EC0-301F-11D3-BF4B-00C04F79EFBC}") = "P01_Vehicles", "P01_Vehicles\P01_Vehicles.csproj", "{96795900-A2EF-435D-AB62-2D45D776B256}"
EndProject
Project("{FAE04EC0-301F-11D3-BF4B-00C04F79EFBC}") = "P02_Vehicles_Extension", "P02_Vehicles_Extension\P02_Vehicles_Extension.csproj", "{A91C7A2B-0FF9-4F63-8720-54ECEC393110}"
EndProject
Project("{FAE04EC0-301F-11D3-BF4B-00C04F79EFBC}") = "P03_Wild_Farm", "P03_Wild_Farm\P03_Wild_Farm.csproj", "{13DF937E-9EE0-471D-81B2-8013AC9D1252}"
EndProject
Global
	GlobalSection(SolutionConfigurationPlatforms) = preSolution
		Debug|Any CPU = Debug|Any CPU
		Release|Any CPU = Release|Any CPU
	EndGlobalSection
	GlobalSection(ProjectConfigurationPlatforms) = postSolution
		{96795900-A2EF-435D-AB62-2D45D776B256}.Debug|Any CPU.ActiveCfg = Debug|Any CPU
		{96795900-A2EF-435D-AB62-2D45D776B256}.Debug|Any CPU.Build.0 = Debug|Any CPU
		{96795900-A2EF-435D-AB62-2D45D776B256}.Release|Any CPU.ActiveCfg = Release|Any CPU
		{96795900-A2EF-435D-AB62-2D45D776B256}.Release|Any CPU.Build.0 = Release|Any CPU
		{A91C7A2B-0FF9-4F63-8720-54ECEC393110}.Debug|Any CPU.ActiveCfg = Debug|Any CPU
		{A91C7A2B-0FF9-4F63-8720-54ECEC393110}.Debug|Any CPU.Build.0 = Debug|Any CPU
		{A91C7A2B-0FF9-4F63-8720-54ECEC393110}.Release|Any CPU.ActiveCfg = Release|Any CPU
		{A91C7A2B-0FF9-4F63-8720-54ECEC393110}.Release|Any CPU.Build.0 = Release|Any CPU
		{13DF937E-9EE0-471D-81B2-8013AC9D1252}.Debug|Any CPU.ActiveCfg = Debug|Any CPU
		{13DF937E-9EE0-471D-81B2-8013AC9D1252}.Debug|Any CPU.Build.0 = Debug|Any CPU
		{13DF937E-9EE0-471D-81B2-8013AC9D1252}.Release|Any CPU.ActiveCfg = Release|Any CPU
		{13DF937E-9EE0-471D-81B2-8013AC9D1252}.Release|Any CPU.Build.0 = Release|Any CPU
	EndGlobalSection
	GlobalSection(SolutionProperties) = preSolution
		HideSolutionNode = FALSE
	EndGlobalSection
	GlobalSection(ExtensibilityGlobals) = postSolution
		SolutionGuid = {D5B767DA-113C-4BD2-B46D-26C7AF60BAFC}
	EndGlobalSection
EndGlobal
